<?xml version="1.0" encoding="utf-8"?>
<Project ToolsVersion="4.0" xmlns="http://schemas.microsoft.com/developer/msbuild/2003">
  <ItemGroup>
    <Filter Include="Source Files">
      <UniqueIdentifier>{4FC737F1-C7A5-4376-A066-2A32D752A2FF}</UniqueIdentifier>
      <Extensions>cpp;c;cc;cxx;def;odl;idl;hpj;bat;asm;asmx</Extensions>
    </Filter>
    <Filter Include="Source Files\scenes">
      <UniqueIdentifier>{b7bb325f-1bc5-4fa6-8810-432f29476221}</UniqueIdentifier>
    </Filter>
    <Filter Include="Resource Files">
      <UniqueIdentifier>{67DA6AB6-F800-4c08-8B7A-83BB121AAD01}</UniqueIdentifier>
      <Extensions>rc;ico;cur;bmp;dlg;rc2;rct;bin;rgs;gif;jpg;jpeg;jpe;resx;tiff;tif;png;wav</Extensions>
    </Filter>
    <Filter Include="readme">
      <UniqueIdentifier>{1253aef9-9193-4a1e-a1f3-15ebdf4f1674}</UniqueIdentifier>
    </Filter>
    <Filter Include="fonts">
      <UniqueIdentifier>{a1e34bb9-a625-472a-828b-6a06da1ec781}</UniqueIdentifier>
    </Filter>
    <Filter Include="scripts">
      <UniqueIdentifier>{34c358c5-6164-403d-9d24-7eb374e0cc3e}</UniqueIdentifier>
    </Filter>
    <Filter Include="CORE">
      <UniqueIdentifier>{5ffec3f1-a3b8-4459-b079-e4d6d8f7219b}</UniqueIdentifier>
    </Filter>
    <Filter Include="CORE\Source Files">
      <UniqueIdentifier>{f418664c-6aa9-489e-9a2a-06c15932baab}</UniqueIdentifier>
    </Filter>
    <Filter Include="CORE\Source Files\GUI">
      <UniqueIdentifier>{77006854-618a-42cf-81c5-691460296194}</UniqueIdentifier>
    </Filter>
    <Filter Include="CORE\Source Files\TinyXml">
      <UniqueIdentifier>{5004e16c-28dc-4f3e-a2d1-e8b341f965b5}</UniqueIdentifier>
    </Filter>
    <Filter Include="shaders">
      <UniqueIdentifier>{dbd7e430-90e4-46de-80b5-66119e59fddd}</UniqueIdentifier>
    </Filter>
    <Filter Include="CORE\Source Files\Recast">
      <UniqueIdentifier>{ae9f70dd-6a7c-407c-974c-f12bdee7b0ee}</UniqueIdentifier>
    </Filter>
    <Filter Include="CORE\Source Files\Recast\DebugUtils">
      <UniqueIdentifier>{25e6984d-c308-4aaf-bcd8-d15d5feadd36}</UniqueIdentifier>
    </Filter>
    <Filter Include="CORE\Source Files\Recast\Recast">
      <UniqueIdentifier>{6008f32a-6808-43c6-a42c-08b543fa6542}</UniqueIdentifier>
    </Filter>
    <Filter Include="CORE\Source Files\Recast\Detour">
      <UniqueIdentifier>{00ae9c51-1416-4de5-8dcf-cf2c1c54e21d}</UniqueIdentifier>
    </Filter>
    <Filter Include="CORE\Source Files\Recast\DetourCrowd">
      <UniqueIdentifier>{476efa4f-e2e3-4b8b-8cb9-c690e8392c71}</UniqueIdentifier>
    </Filter>
    <Filter Include="CORE\Source Files\Recast\DetourTileCache">
      <UniqueIdentifier>{4bbe5c1e-0084-40b5-b86e-371f94b019ef}</UniqueIdentifier>
    </Filter>
    <Filter Include="Source Files\Navmesh">
      <UniqueIdentifier>{587a63e1-c761-4d72-a452-2238bf2ae8b4}</UniqueIdentifier>
    </Filter>
  </ItemGroup>
  <ItemGroup>
    <ClCompile Include="Main.cpp">
      <Filter>Source Files</Filter>
    </ClCompile>
    <ClCompile Include="Game.cpp">
      <Filter>Source Files\scenes</Filter>
    </ClCompile>
    <ClCompile Include="Menu.cpp">
      <Filter>Source Files\scenes</Filter>
    </ClCompile>
    <ClCompile Include="MenuInGame.cpp">
      <Filter>Source Files\scenes</Filter>
    </ClCompile>
    <ClCompile Include="..\..\CORE\CORE\IBaseMenuObject.cpp">
      <Filter>CORE\Source Files\GUI</Filter>
    </ClCompile>
    <ClCompile Include="..\..\CORE\CORE\Label.cpp">
      <Filter>CORE\Source Files\GUI</Filter>
    </ClCompile>
    <ClCompile Include="..\..\CORE\CORE\Textbox.cpp">
      <Filter>CORE\Source Files\GUI</Filter>
    </ClCompile>
    <ClCompile Include="..\..\CORE\CORE\Button.cpp">
      <Filter>CORE\Source Files\GUI</Filter>
    </ClCompile>
    <ClCompile Include="..\..\CORE\CORE\Misc.cpp">
      <Filter>CORE\Source Files</Filter>
    </ClCompile>
    <ClCompile Include="..\..\CORE\CORE\Sky.cpp">
      <Filter>CORE\Source Files</Filter>
    </ClCompile>
    <ClCompile Include="..\..\CORE\CORE\Terrain.cpp">
      <Filter>CORE\Source Files</Filter>
    </ClCompile>
    <ClCompile Include="..\..\CORE\CORE\TextManager.cpp">
      <Filter>CORE\Source Files</Filter>
    </ClCompile>
    <ClCompile Include="..\..\CORE\CORE\Tree.cpp">
      <Filter>CORE\Source Files</Filter>
    </ClCompile>
    <ClCompile Include="..\..\CORE\CORE\Camera.cpp">
      <Filter>CORE\Source Files</Filter>
    </ClCompile>
    <ClCompile Include="..\..\CORE\CORE\DialogueManager.cpp">
      <Filter>CORE\Source Files</Filter>
    </ClCompile>
    <ClCompile Include="..\..\CORE\CORE\DirectInput.cpp">
      <Filter>CORE\Source Files</Filter>
    </ClCompile>
    <ClCompile Include="..\..\CORE\CORE\Checkbox.cpp">
      <Filter>CORE\Source Files\GUI</Filter>
    </ClCompile>
    <ClCompile Include="..\..\CORE\CORE\GameObject.cpp">
      <Filter>CORE\Source Files</Filter>
    </ClCompile>
    <ClCompile Include="..\..\CORE\CORE\GameObjectManager.cpp">
      <Filter>CORE\Source Files</Filter>
    </ClCompile>
    <ClCompile Include="..\..\CORE\CORE\Application.cpp">
      <Filter>CORE\Source Files</Filter>
    </ClCompile>
    <ClCompile Include="..\..\CORE\CORE\AABB.cpp">
      <Filter>CORE\Source Files</Filter>
    </ClCompile>
    <ClCompile Include="..\..\CORE\CORE\SkinnedModel.cpp">
      <Filter>CORE\Source Files</Filter>
    </ClCompile>
    <ClCompile Include="..\..\CORE\CORE\StaticModel.cpp">
      <Filter>CORE\Source Files</Filter>
    </ClCompile>
    <ClCompile Include="..\..\CORE\CORE\LuaFunctions.cpp">
      <Filter>CORE\Source Files</Filter>
    </ClCompile>
    <ClCompile Include="..\..\CORE\CORE\libs\TinyXml2\tinyxml2.cpp">
      <Filter>CORE\Source Files\TinyXml</Filter>
    </ClCompile>
    <ClCompile Include="..\..\CORE\CORE\AnimationComponent.cpp">
      <Filter>CORE\Source Files</Filter>
    </ClCompile>
    <ClCompile Include="..\..\CORE\CORE\QuestManager.cpp">
      <Filter>CORE\Source Files</Filter>
    </ClCompile>
    <ClCompile Include="..\..\CORE\CORE\stdafx.cpp">
      <Filter>CORE\Source Files</Filter>
    </ClCompile>
    <ClCompile Include="..\..\CORE\CORE\EffectSystem.cpp">
      <Filter>CORE\Source Files</Filter>
    </ClCompile>
    <ClCompile Include="..\..\CORE\CORE\GunEffect.cpp">
      <Filter>CORE\Source Files</Filter>
    </ClCompile>
    <ClCompile Include="..\..\CORE\CORE\Recast\Recast\Recast.cpp">
      <Filter>CORE\Source Files\Recast\Recast</Filter>
    </ClCompile>
    <ClCompile Include="..\..\CORE\CORE\Recast\Recast\RecastAlloc.cpp">
      <Filter>CORE\Source Files\Recast\Recast</Filter>
    </ClCompile>
    <ClCompile Include="..\..\CORE\CORE\Recast\Recast\RecastArea.cpp">
      <Filter>CORE\Source Files\Recast\Recast</Filter>
    </ClCompile>
    <ClCompile Include="..\..\CORE\CORE\Recast\Recast\RecastAssert.cpp">
      <Filter>CORE\Source Files\Recast\Recast</Filter>
    </ClCompile>
    <ClCompile Include="..\..\CORE\CORE\Recast\Recast\RecastContour.cpp">
      <Filter>CORE\Source Files\Recast\Recast</Filter>
    </ClCompile>
    <ClCompile Include="..\..\CORE\CORE\Recast\Recast\RecastFilter.cpp">
      <Filter>CORE\Source Files\Recast\Recast</Filter>
    </ClCompile>
    <ClCompile Include="..\..\CORE\CORE\Recast\Recast\RecastLayers.cpp">
      <Filter>CORE\Source Files\Recast\Recast</Filter>
    </ClCompile>
    <ClCompile Include="..\..\CORE\CORE\Recast\Recast\RecastMesh.cpp">
      <Filter>CORE\Source Files\Recast\Recast</Filter>
    </ClCompile>
    <ClCompile Include="..\..\CORE\CORE\Recast\Recast\RecastMeshDetail.cpp">
      <Filter>CORE\Source Files\Recast\Recast</Filter>
    </ClCompile>
    <ClCompile Include="..\..\CORE\CORE\Recast\Recast\RecastRasterization.cpp">
      <Filter>CORE\Source Files\Recast\Recast</Filter>
    </ClCompile>
    <ClCompile Include="..\..\CORE\CORE\Recast\Recast\RecastRegion.cpp">
      <Filter>CORE\Source Files\Recast\Recast</Filter>
    </ClCompile>
    <ClCompile Include="..\..\CORE\CORE\Recast\DetourTileCache\DetourTileCache.cpp">
      <Filter>CORE\Source Files\Recast\DetourTileCache</Filter>
    </ClCompile>
    <ClCompile Include="..\..\CORE\CORE\Recast\DetourTileCache\DetourTileCacheBuilder.cpp">
      <Filter>CORE\Source Files\Recast\DetourTileCache</Filter>
    </ClCompile>
    <ClCompile Include="..\..\CORE\CORE\Recast\DetourCrowd\DetourCrowd.cpp">
      <Filter>CORE\Source Files\Recast\DetourCrowd</Filter>
    </ClCompile>
    <ClCompile Include="..\..\CORE\CORE\Recast\DetourCrowd\DetourLocalBoundary.cpp">
      <Filter>CORE\Source Files\Recast\DetourCrowd</Filter>
    </ClCompile>
    <ClCompile Include="..\..\CORE\CORE\Recast\DetourCrowd\DetourObstacleAvoidance.cpp">
      <Filter>CORE\Source Files\Recast\DetourCrowd</Filter>
    </ClCompile>
    <ClCompile Include="..\..\CORE\CORE\Recast\DetourCrowd\DetourPathCorridor.cpp">
      <Filter>CORE\Source Files\Recast\DetourCrowd</Filter>
    </ClCompile>
    <ClCompile Include="..\..\CORE\CORE\Recast\DetourCrowd\DetourPathQueue.cpp">
      <Filter>CORE\Source Files\Recast\DetourCrowd</Filter>
    </ClCompile>
    <ClCompile Include="..\..\CORE\CORE\Recast\DetourCrowd\DetourProximityGrid.cpp">
      <Filter>CORE\Source Files\Recast\DetourCrowd</Filter>
    </ClCompile>
    <ClCompile Include="..\..\CORE\CORE\Recast\Detour\DetourAlloc.cpp">
      <Filter>CORE\Source Files\Recast\Detour</Filter>
    </ClCompile>
    <ClCompile Include="..\..\CORE\CORE\Recast\Detour\DetourAssert.cpp">
      <Filter>CORE\Source Files\Recast\Detour</Filter>
    </ClCompile>
    <ClCompile Include="..\..\CORE\CORE\Recast\Detour\DetourCommon.cpp">
      <Filter>CORE\Source Files\Recast\Detour</Filter>
    </ClCompile>
    <ClCompile Include="..\..\CORE\CORE\Recast\Detour\DetourNavMesh.cpp">
      <Filter>CORE\Source Files\Recast\Detour</Filter>
    </ClCompile>
    <ClCompile Include="..\..\CORE\CORE\Recast\Detour\DetourNavMeshBuilder.cpp">
      <Filter>CORE\Source Files\Recast\Detour</Filter>
    </ClCompile>
    <ClCompile Include="..\..\CORE\CORE\Recast\Detour\DetourNavMeshQuery.cpp">
      <Filter>CORE\Source Files\Recast\Detour</Filter>
    </ClCompile>
    <ClCompile Include="..\..\CORE\CORE\Recast\Detour\DetourNode.cpp">
      <Filter>CORE\Source Files\Recast\Detour</Filter>
    </ClCompile>
    <ClCompile Include="..\..\CORE\CORE\Recast\DebugUtils\DebugDraw.cpp">
      <Filter>CORE\Source Files\Recast\DebugUtils</Filter>
    </ClCompile>
    <ClCompile Include="..\..\CORE\CORE\Recast\DebugUtils\DetourDebugDraw.cpp">
      <Filter>CORE\Source Files\Recast\DebugUtils</Filter>
    </ClCompile>
    <ClCompile Include="..\..\CORE\CORE\Recast\DebugUtils\RecastDebugDraw.cpp">
      <Filter>CORE\Source Files\Recast\DebugUtils</Filter>
    </ClCompile>
    <ClCompile Include="..\..\CORE\CORE\Recast\DebugUtils\RecastDump.cpp">
      <Filter>CORE\Source Files\Recast\DebugUtils</Filter>
    </ClCompile>
    <ClCompile Include="MeshLoaderObj.cpp">
      <Filter>Source Files\Navmesh</Filter>
    </ClCompile>
    <ClCompile Include="Navmesh.cpp">
      <Filter>Source Files\Navmesh</Filter>
    </ClCompile>
    <ClCompile Include="ChunkyTriMesh.cpp">
      <Filter>Source Files\Navmesh</Filter>
    </ClCompile>
    <ClCompile Include="InputGeom.cpp">
      <Filter>Source Files\Navmesh</Filter>
    </ClCompile>
    <ClCompile Include="NavmeshInterfaces.cpp">
      <Filter>Source Files\Navmesh</Filter>
    </ClCompile>
    <ClCompile Include="PerfTimer.cpp">
      <Filter>Source Files\Navmesh</Filter>
    </ClCompile>
    <ClCompile Include="NavmeshPathfinder.cpp">
      <Filter>Source Files\Navmesh</Filter>
    </ClCompile>
  </ItemGroup>
  <ItemGroup>
    <ClInclude Include="..\..\CORE\CORE\AABB.h">
      <Filter>CORE\Source Files</Filter>
    </ClInclude>
    <ClInclude Include="..\..\CORE\CORE\Application.h">
      <Filter>CORE\Source Files</Filter>
    </ClInclude>
    <ClInclude Include="..\..\CORE\CORE\Camera.h">
      <Filter>CORE\Source Files</Filter>
    </ClInclude>
    <ClInclude Include="..\..\CORE\CORE\DialogueManager.h">
      <Filter>CORE\Source Files</Filter>
    </ClInclude>
    <ClInclude Include="..\..\CORE\CORE\DirectInput.h">
      <Filter>CORE\Source Files</Filter>
    </ClInclude>
    <ClInclude Include="..\..\CORE\CORE\GameObject.h">
      <Filter>CORE\Source Files</Filter>
    </ClInclude>
    <ClInclude Include="..\..\CORE\CORE\GameObjectManager.h">
      <Filter>CORE\Source Files</Filter>
    </ClInclude>
    <ClInclude Include="..\..\CORE\CORE\IBaseScene.h">
      <Filter>CORE\Source Files</Filter>
    </ClInclude>
    <ClInclude Include="..\..\CORE\CORE\Misc.h">
      <Filter>CORE\Source Files</Filter>
    </ClInclude>
    <ClInclude Include="..\..\CORE\CORE\Sky.h">
      <Filter>CORE\Source Files</Filter>
    </ClInclude>
    <ClInclude Include="..\..\CORE\CORE\Terrain.h">
      <Filter>CORE\Source Files</Filter>
    </ClInclude>
    <ClInclude Include="..\..\CORE\CORE\TextManager.h">
      <Filter>CORE\Source Files</Filter>
    </ClInclude>
    <ClInclude Include="..\..\CORE\CORE\Tree.h">
      <Filter>CORE\Source Files</Filter>
    </ClInclude>
    <ClInclude Include="..\..\CORE\CORE\Button.h">
      <Filter>CORE\Source Files\GUI</Filter>
    </ClInclude>
    <ClInclude Include="..\..\CORE\CORE\Checkbox.h">
      <Filter>CORE\Source Files\GUI</Filter>
    </ClInclude>
    <ClInclude Include="..\..\CORE\CORE\IBaseMenuObject.h">
      <Filter>CORE\Source Files\GUI</Filter>
    </ClInclude>
    <ClInclude Include="..\..\CORE\CORE\Label.h">
      <Filter>CORE\Source Files\GUI</Filter>
    </ClInclude>
    <ClInclude Include="..\..\CORE\CORE\Textbox.h">
      <Filter>CORE\Source Files\GUI</Filter>
    </ClInclude>
    <ClInclude Include="Game.h">
      <Filter>Source Files\scenes</Filter>
    </ClInclude>
    <ClInclude Include="Menu.h">
      <Filter>Source Files\scenes</Filter>
    </ClInclude>
    <ClInclude Include="MenuInGame.h">
      <Filter>Source Files\scenes</Filter>
    </ClInclude>
    <ClInclude Include="..\..\CORE\CORE\SkinnedModel.h">
      <Filter>CORE\Source Files</Filter>
    </ClInclude>
    <ClInclude Include="..\..\CORE\CORE\StaticModel.h">
      <Filter>CORE\Source Files</Filter>
    </ClInclude>
    <ClInclude Include="..\..\CORE\CORE\LuaFunctions.h">
      <Filter>CORE\Source Files</Filter>
    </ClInclude>
    <ClInclude Include="..\..\CORE\CORE\libs\TinyXml2\tinyxml2.h">
      <Filter>CORE\Source Files\TinyXml</Filter>
    </ClInclude>
    <ClInclude Include="..\..\CORE\CORE\AnimationComponent.h">
      <Filter>CORE\Source Files</Filter>
    </ClInclude>
    <ClInclude Include="..\..\CORE\CORE\QuestManager.h">
      <Filter>CORE\Source Files</Filter>
    </ClInclude>
    <ClInclude Include="..\..\CORE\CORE\stdafx.h">
      <Filter>CORE\Source Files</Filter>
    </ClInclude>
    <ClInclude Include="..\..\CORE\CORE\EffectSystem.h">
      <Filter>CORE\Source Files</Filter>
    </ClInclude>
    <ClInclude Include="..\..\CORE\CORE\GunEffect.h">
      <Filter>CORE\Source Files</Filter>
    </ClInclude>
    <ClInclude Include="..\..\CORE\CORE\Recast\Recast\Recast.h">
      <Filter>CORE\Source Files\Recast\Recast</Filter>
    </ClInclude>
    <ClInclude Include="..\..\CORE\CORE\Recast\Recast\RecastAlloc.h">
      <Filter>CORE\Source Files\Recast\Recast</Filter>
    </ClInclude>
    <ClInclude Include="..\..\CORE\CORE\Recast\Recast\RecastAssert.h">
      <Filter>CORE\Source Files\Recast\Recast</Filter>
    </ClInclude>
    <ClInclude Include="..\..\CORE\CORE\Recast\DetourTileCache\DetourTileCache.h">
      <Filter>CORE\Source Files\Recast\DetourTileCache</Filter>
    </ClInclude>
    <ClInclude Include="..\..\CORE\CORE\Recast\DetourTileCache\DetourTileCacheBuilder.h">
      <Filter>CORE\Source Files\Recast\DetourTileCache</Filter>
    </ClInclude>
    <ClInclude Include="..\..\CORE\CORE\Recast\DetourCrowd\DetourCrowd.h">
      <Filter>CORE\Source Files\Recast\DetourCrowd</Filter>
    </ClInclude>
    <ClInclude Include="..\..\CORE\CORE\Recast\DetourCrowd\DetourLocalBoundary.h">
      <Filter>CORE\Source Files\Recast\DetourCrowd</Filter>
    </ClInclude>
    <ClInclude Include="..\..\CORE\CORE\Recast\DetourCrowd\DetourObstacleAvoidance.h">
      <Filter>CORE\Source Files\Recast\DetourCrowd</Filter>
    </ClInclude>
    <ClInclude Include="..\..\CORE\CORE\Recast\DetourCrowd\DetourPathCorridor.h">
      <Filter>CORE\Source Files\Recast\DetourCrowd</Filter>
    </ClInclude>
    <ClInclude Include="..\..\CORE\CORE\Recast\DetourCrowd\DetourPathQueue.h">
      <Filter>CORE\Source Files\Recast\DetourCrowd</Filter>
    </ClInclude>
    <ClInclude Include="..\..\CORE\CORE\Recast\DetourCrowd\DetourProximityGrid.h">
      <Filter>CORE\Source Files\Recast\DetourCrowd</Filter>
    </ClInclude>
    <ClInclude Include="..\..\CORE\CORE\Recast\Detour\DetourAlloc.h">
      <Filter>CORE\Source Files\Recast\Detour</Filter>
    </ClInclude>
    <ClInclude Include="..\..\CORE\CORE\Recast\Detour\DetourAssert.h">
      <Filter>CORE\Source Files\Recast\Detour</Filter>
    </ClInclude>
    <ClInclude Include="..\..\CORE\CORE\Recast\Detour\DetourCommon.h">
      <Filter>CORE\Source Files\Recast\Detour</Filter>
    </ClInclude>
    <ClInclude Include="..\..\CORE\CORE\Recast\Detour\DetourMath.h">
      <Filter>CORE\Source Files\Recast\Detour</Filter>
    </ClInclude>
    <ClInclude Include="..\..\CORE\CORE\Recast\Detour\DetourNavMesh.h">
      <Filter>CORE\Source Files\Recast\Detour</Filter>
    </ClInclude>
    <ClInclude Include="..\..\CORE\CORE\Recast\Detour\DetourNavMeshBuilder.h">
      <Filter>CORE\Source Files\Recast\Detour</Filter>
    </ClInclude>
    <ClInclude Include="..\..\CORE\CORE\Recast\Detour\DetourNavMeshQuery.h">
      <Filter>CORE\Source Files\Recast\Detour</Filter>
    </ClInclude>
    <ClInclude Include="..\..\CORE\CORE\Recast\Detour\DetourNode.h">
      <Filter>CORE\Source Files\Recast\Detour</Filter>
    </ClInclude>
    <ClInclude Include="..\..\CORE\CORE\Recast\Detour\DetourStatus.h">
      <Filter>CORE\Source Files\Recast\Detour</Filter>
    </ClInclude>
    <ClInclude Include="..\..\CORE\CORE\Recast\DebugUtils\DebugDraw.h">
      <Filter>CORE\Source Files\Recast\DebugUtils</Filter>
    </ClInclude>
    <ClInclude Include="..\..\CORE\CORE\Recast\DebugUtils\DetourDebugDraw.h">
      <Filter>CORE\Source Files\Recast\DebugUtils</Filter>
    </ClInclude>
    <ClInclude Include="..\..\CORE\CORE\Recast\DebugUtils\RecastDebugDraw.h">
      <Filter>CORE\Source Files\Recast\DebugUtils</Filter>
    </ClInclude>
    <ClInclude Include="..\..\CORE\CORE\Recast\DebugUtils\RecastDump.h">
      <Filter>CORE\Source Files\Recast\DebugUtils</Filter>
    </ClInclude>
    <ClInclude Include="Navmesh.h">
      <Filter>Source Files\Navmesh</Filter>
    </ClInclude>
    <ClInclude Include="MeshLoaderObj.h">
      <Filter>Source Files\Navmesh</Filter>
    </ClInclude>
    <ClInclude Include="InputGeom.h">
      <Filter>Source Files\Navmesh</Filter>
    </ClInclude>
    <ClInclude Include="ChunkyTriMesh.h">
      <Filter>Source Files\Navmesh</Filter>
    </ClInclude>
    <ClInclude Include="NavmeshInterfaces.h">
      <Filter>Source Files\Navmesh</Filter>
    </ClInclude>
    <ClInclude Include="PerfTimer.h">
      <Filter>Source Files\Navmesh</Filter>
    </ClInclude>
    <ClInclude Include="NavmeshPathfinder.h">
      <Filter>Source Files\Navmesh</Filter>
    </ClInclude>
  </ItemGroup>
  <ItemGroup>
    <None Include="fonts\28DaysLater.ttf">
      <Filter>fonts</Filter>
    </None>
    <None Include="..\..\Resources\scripts\level.lua">
      <Filter>scripts</Filter>
    </None>
    <None Include="..\..\Resources\scripts\quests.lua">
      <Filter>scripts</Filter>
    </None>
    <None Include="..\..\Resources\scripts\sounds.lua">
      <Filter>scripts</Filter>
    </None>
  </ItemGroup>
  <ItemGroup>
    <FxCompile Include="..\..\Resources\shaders\DebugGraphicsShader.fx">
      <Filter>shaders</Filter>
    </FxCompile>
    <FxCompile Include="..\..\Resources\shaders\SkinnedModelShader.fx">
      <Filter>shaders</Filter>
    </FxCompile>
    <FxCompile Include="..\..\Resources\shaders\SkyShader.fx">
      <Filter>shaders</Filter>
    </FxCompile>
    <FxCompile Include="..\..\Resources\shaders\StaticModelShader.fx">
      <Filter>shaders</Filter>
    </FxCompile>
    <FxCompile Include="..\..\Resources\shaders\TerrainShader.fx">
      <Filter>shaders</Filter>
    </FxCompile>
    <FxCompile Include="..\..\Resources\shaders\Text3DShader.fx">
      <Filter>shaders</Filter>
    </FxCompile>
    <FxCompile Include="..\..\Resources\shaders\Effects\GunShader.fx">
      <Filter>shaders</Filter>
    </FxCompile>
  </ItemGroup>
</Project>