<?xml version="1.0" encoding="utf-8"?>
<Project ToolsVersion="4.0" xmlns="http://schemas.microsoft.com/developer/msbuild/2003">
  <ItemGroup>
    <Filter Include="Source Files">
      <UniqueIdentifier>{4FC737F1-C7A5-4376-A066-2A32D752A2FF}</UniqueIdentifier>
      <Extensions>cpp;c;cc;cxx;def;odl;idl;hpj;bat;asm;asmx</Extensions>
    </Filter>
    <Filter Include="Source Files\scenes">
      <UniqueIdentifier>{f3bfd6bc-b69d-4bfe-92ba-1b90373124c5}</UniqueIdentifier>
    </Filter>
    <Filter Include="Resource Files">
      <UniqueIdentifier>{67DA6AB6-F800-4c08-8B7A-83BB121AAD01}</UniqueIdentifier>
      <Extensions>rc;ico;cur;bmp;dlg;rc2;rct;bin;rgs;gif;jpg;jpeg;jpe;resx;tiff;tif;png;wav</Extensions>
    </Filter>
    <Filter Include="readme">
      <UniqueIdentifier>{4a5480db-9cdc-4baa-a01d-96bcad12fbce}</UniqueIdentifier>
    </Filter>
    <Filter Include="fonts">
      <UniqueIdentifier>{49f03c69-5a92-4406-b684-3968eab47f6d}</UniqueIdentifier>
    </Filter>
    <Filter Include="scripts">
      <UniqueIdentifier>{ee7c30da-9f98-4d2b-9bb1-a5620a748f2f}</UniqueIdentifier>
    </Filter>
    <Filter Include="extern">
      <UniqueIdentifier>{ec22c8ef-08a9-46ac-abe3-b93bd2dd4d86}</UniqueIdentifier>
    </Filter>
    <Filter Include="extern\Source Files">
      <UniqueIdentifier>{5cdd9dee-2705-4046-9d23-3e7b2a28ed66}</UniqueIdentifier>
    </Filter>
    <Filter Include="extern\Source Files\GUI">
      <UniqueIdentifier>{40683a40-c47b-4a13-9863-ec769eb0b2d6}</UniqueIdentifier>
    </Filter>
    <Filter Include="shaders">
      <UniqueIdentifier>{e3461190-ba4e-4f57-a40f-519fce298773}</UniqueIdentifier>
    </Filter>
    <Filter Include="extern\Source Files\TinyXml2">
      <UniqueIdentifier>{3bb4f406-7f66-42c1-9c8d-effb3ae5070c}</UniqueIdentifier>
    </Filter>
  </ItemGroup>
  <ItemGroup>
    <ClCompile Include="Main.cpp">
      <Filter>Source Files</Filter>
    </ClCompile>
    <ClCompile Include="Game.cpp">
      <Filter>Source Files\scenes</Filter>
    </ClCompile>
    <ClCompile Include="Menu.cpp">
      <Filter>Source Files\scenes</Filter>
    </ClCompile>
    <ClCompile Include="MenuInGame.cpp">
      <Filter>Source Files\scenes</Filter>
    </ClCompile>
    <ClCompile Include="..\..\CORE\CORE\Button.cpp">
      <Filter>extern\Source Files\GUI</Filter>
    </ClCompile>
    <ClCompile Include="..\..\CORE\CORE\Checkbox.cpp">
      <Filter>extern\Source Files\GUI</Filter>
    </ClCompile>
    <ClCompile Include="..\..\CORE\CORE\IBaseMenuObject.cpp">
      <Filter>extern\Source Files\GUI</Filter>
    </ClCompile>
    <ClCompile Include="..\..\CORE\CORE\Label.cpp">
      <Filter>extern\Source Files\GUI</Filter>
    </ClCompile>
    <ClCompile Include="..\..\CORE\CORE\Textbox.cpp">
      <Filter>extern\Source Files\GUI</Filter>
    </ClCompile>
    <ClCompile Include="..\..\CORE\CORE\Camera.cpp">
      <Filter>extern\Source Files</Filter>
    </ClCompile>
    <ClCompile Include="..\..\CORE\CORE\DialogueManager.cpp">
      <Filter>extern\Source Files</Filter>
    </ClCompile>
    <ClCompile Include="..\..\CORE\CORE\DirectInput.cpp">
      <Filter>extern\Source Files</Filter>
    </ClCompile>
    <ClCompile Include="..\..\CORE\CORE\GameObject.cpp">
      <Filter>extern\Source Files</Filter>
    </ClCompile>
    <ClCompile Include="..\..\CORE\CORE\GameObjectManager.cpp">
      <Filter>extern\Source Files</Filter>
    </ClCompile>
    <ClCompile Include="..\..\CORE\CORE\LuaFunctions.cpp">
      <Filter>extern\Source Files</Filter>
    </ClCompile>
    <ClCompile Include="..\..\CORE\CORE\Misc.cpp">
      <Filter>extern\Source Files</Filter>
    </ClCompile>
    <ClCompile Include="..\..\CORE\CORE\Sky.cpp">
      <Filter>extern\Source Files</Filter>
    </ClCompile>
    <ClCompile Include="..\..\CORE\CORE\Terrain.cpp">
      <Filter>extern\Source Files</Filter>
    </ClCompile>
    <ClCompile Include="..\..\CORE\CORE\TextManager.cpp">
      <Filter>extern\Source Files</Filter>
    </ClCompile>
    <ClCompile Include="..\..\CORE\CORE\Tree.cpp">
      <Filter>extern\Source Files</Filter>
    </ClCompile>
    <ClCompile Include="..\..\CORE\CORE\Application.cpp">
      <Filter>extern\Source Files</Filter>
    </ClCompile>
    <ClCompile Include="..\..\CORE\CORE\AABB.cpp">
      <Filter>extern\Source Files</Filter>
    </ClCompile>
    <ClCompile Include="..\..\CORE\CORE\SkinnedModel.cpp">
      <Filter>extern\Source Files</Filter>
    </ClCompile>
    <ClCompile Include="..\..\CORE\CORE\StaticModel.cpp">
      <Filter>extern\Source Files</Filter>
    </ClCompile>
    <ClCompile Include="..\..\CORE\CORE\libs\TinyXml2\tinyxml2.cpp">
      <Filter>extern\Source Files\TinyXml2</Filter>
    </ClCompile>
    <ClCompile Include="..\..\CORE\CORE\AnimationComponent.cpp">
      <Filter>extern\Source Files</Filter>
    </ClCompile>
    <ClCompile Include="..\..\CORE\CORE\QuestManager.cpp">
      <Filter>extern\Source Files</Filter>
    </ClCompile>
  </ItemGroup>
  <ItemGroup>
    <ClInclude Include="..\..\CORE\CORE\Button.h">
      <Filter>extern\Source Files\GUI</Filter>
    </ClInclude>
    <ClInclude Include="..\..\CORE\CORE\Checkbox.h">
      <Filter>extern\Source Files\GUI</Filter>
    </ClInclude>
    <ClInclude Include="..\..\CORE\CORE\IBaseMenuObject.h">
      <Filter>extern\Source Files\GUI</Filter>
    </ClInclude>
    <ClInclude Include="..\..\CORE\CORE\Label.h">
      <Filter>extern\Source Files\GUI</Filter>
    </ClInclude>
    <ClInclude Include="..\..\CORE\CORE\Textbox.h">
      <Filter>extern\Source Files\GUI</Filter>
    </ClInclude>
    <ClInclude Include="..\..\CORE\CORE\AABB.h">
      <Filter>extern\Source Files</Filter>
    </ClInclude>
    <ClInclude Include="..\..\CORE\CORE\Application.h">
      <Filter>extern\Source Files</Filter>
    </ClInclude>
    <ClInclude Include="..\..\CORE\CORE\Camera.h">
      <Filter>extern\Source Files</Filter>
    </ClInclude>
    <ClInclude Include="..\..\CORE\CORE\DialogueManager.h">
      <Filter>extern\Source Files</Filter>
    </ClInclude>
    <ClInclude Include="..\..\CORE\CORE\DirectInput.h">
      <Filter>extern\Source Files</Filter>
    </ClInclude>
    <ClInclude Include="..\..\CORE\CORE\GameObject.h">
      <Filter>extern\Source Files</Filter>
    </ClInclude>
    <ClInclude Include="..\..\CORE\CORE\GameObjectManager.h">
      <Filter>extern\Source Files</Filter>
    </ClInclude>
    <ClInclude Include="..\..\CORE\CORE\IBaseScene.h">
      <Filter>extern\Source Files</Filter>
    </ClInclude>
    <ClInclude Include="..\..\CORE\CORE\LuaFunctions.h">
      <Filter>extern\Source Files</Filter>
    </ClInclude>
    <ClInclude Include="..\..\CORE\CORE\Misc.h">
      <Filter>extern\Source Files</Filter>
    </ClInclude>
    <ClInclude Include="..\..\CORE\CORE\Sky.h">
      <Filter>extern\Source Files</Filter>
    </ClInclude>
    <ClInclude Include="..\..\CORE\CORE\Terrain.h">
      <Filter>extern\Source Files</Filter>
    </ClInclude>
    <ClInclude Include="..\..\CORE\CORE\TextManager.h">
      <Filter>extern\Source Files</Filter>
    </ClInclude>
    <ClInclude Include="..\..\CORE\CORE\Tree.h">
      <Filter>extern\Source Files</Filter>
    </ClInclude>
    <ClInclude Include="..\..\CORE\CORE\SkinnedModel.h">
      <Filter>extern\Source Files</Filter>
    </ClInclude>
    <ClInclude Include="..\..\CORE\CORE\StaticModel.h">
      <Filter>extern\Source Files</Filter>
    </ClInclude>
    <ClInclude Include="Game.h">
      <Filter>Source Files\scenes</Filter>
    </ClInclude>
    <ClInclude Include="Menu.h">
      <Filter>Source Files\scenes</Filter>
    </ClInclude>
    <ClInclude Include="MenuInGame.h">
      <Filter>Source Files\scenes</Filter>
    </ClInclude>
    <ClInclude Include="..\..\CORE\CORE\libs\TinyXml2\tinyxml2.h">
      <Filter>extern\Source Files\TinyXml2</Filter>
    </ClInclude>
    <ClInclude Include="..\..\CORE\CORE\AnimationComponent.h">
      <Filter>extern\Source Files</Filter>
    </ClInclude>
    <ClInclude Include="..\..\CORE\CORE\QuestManager.h">
      <Filter>extern\Source Files</Filter>
    </ClInclude>
  </ItemGroup>
  <ItemGroup>
    <None Include="fonts\28DaysLater.ttf">
      <Filter>fonts</Filter>
    </None>
    <None Include="..\..\Resources\scripts\level.lua">
      <Filter>scripts</Filter>
    </None>
    <None Include="..\..\Resources\scripts\quests.lua">
      <Filter>scripts</Filter>
    </None>
    <None Include="..\..\Resources\scripts\sounds.lua">
      <Filter>scripts</Filter>
    </None>
  </ItemGroup>
  <ItemGroup>
    <FxCompile Include="..\..\Resources\shaders\DebugGraphicsShader.fx">
      <Filter>shaders</Filter>
    </FxCompile>
    <FxCompile Include="..\..\Resources\shaders\SkinnedModelShader.fx">
      <Filter>shaders</Filter>
    </FxCompile>
    <FxCompile Include="..\..\Resources\shaders\SkyShader.fx">
      <Filter>shaders</Filter>
    </FxCompile>
    <FxCompile Include="..\..\Resources\shaders\StaticModelShader.fx">
      <Filter>shaders</Filter>
    </FxCompile>
    <FxCompile Include="..\..\Resources\shaders\TerrainShader.fx">
      <Filter>shaders</Filter>
    </FxCompile>
    <FxCompile Include="..\..\Resources\shaders\Text3DShader.fx">
      <Filter>shaders</Filter>
    </FxCompile>
  </ItemGroup>
</Project>