<?xml version="1.0" encoding="utf-8"?>
<Project ToolsVersion="4.0" xmlns="http://schemas.microsoft.com/developer/msbuild/2003">
  <ItemGroup>
    <Filter Include="Source Files">
      <UniqueIdentifier>{4FC737F1-C7A5-4376-A066-2A32D752A2FF}</UniqueIdentifier>
      <Extensions>cpp;c;cc;cxx;def;odl;idl;hpj;bat;asm;asmx</Extensions>
    </Filter>
    <Filter Include="Source Files\GUI">
      <UniqueIdentifier>{9fa1c656-4acb-404f-a149-c017d13c7dee}</UniqueIdentifier>
    </Filter>
    <Filter Include="Source Files\tinyXML">
      <UniqueIdentifier>{e26b4906-6de3-4e52-9766-665b9b97fc6e}</UniqueIdentifier>
    </Filter>
    <Filter Include="Source Files\scenes">
      <UniqueIdentifier>{b7bb325f-1bc5-4fa6-8810-432f29476221}</UniqueIdentifier>
    </Filter>
    <Filter Include="Source Files\Dialogues">
      <UniqueIdentifier>{78c3b133-ee5a-46e9-bf87-0e1715e29908}</UniqueIdentifier>
    </Filter>
    <Filter Include="Header Files">
      <UniqueIdentifier>{93995380-89BD-4b04-88EB-625FBE52EBFB}</UniqueIdentifier>
      <Extensions>h;hpp;hxx;hm;inl;inc;xsd</Extensions>
    </Filter>
    <Filter Include="Header Files\GUI">
      <UniqueIdentifier>{1a2b548f-7920-442f-a6d6-a226c3e0c31a}</UniqueIdentifier>
    </Filter>
    <Filter Include="Header Files\tinyXML">
      <UniqueIdentifier>{b2ac36b0-b6b7-428a-834c-c184e903b444}</UniqueIdentifier>
    </Filter>
    <Filter Include="Header Files\scenes">
      <UniqueIdentifier>{462b4c23-f9e6-4dba-b8c1-12a346aa7b21}</UniqueIdentifier>
    </Filter>
    <Filter Include="Header Files\Dialogues">
      <UniqueIdentifier>{53827572-abd5-478f-a47a-4846450bf489}</UniqueIdentifier>
    </Filter>
    <Filter Include="Resource Files">
      <UniqueIdentifier>{67DA6AB6-F800-4c08-8B7A-83BB121AAD01}</UniqueIdentifier>
      <Extensions>rc;ico;cur;bmp;dlg;rc2;rct;bin;rgs;gif;jpg;jpeg;jpe;resx;tiff;tif;png;wav</Extensions>
    </Filter>
    <Filter Include="shaders">
      <UniqueIdentifier>{68e9a328-353b-4972-8df1-17256802bbf5}</UniqueIdentifier>
    </Filter>
    <Filter Include="readme">
      <UniqueIdentifier>{1253aef9-9193-4a1e-a1f3-15ebdf4f1674}</UniqueIdentifier>
    </Filter>
    <Filter Include="fonts">
      <UniqueIdentifier>{a1e34bb9-a625-472a-828b-6a06da1ec781}</UniqueIdentifier>
    </Filter>
    <Filter Include="scripts">
      <UniqueIdentifier>{34c358c5-6164-403d-9d24-7eb374e0cc3e}</UniqueIdentifier>
    </Filter>
  </ItemGroup>
  <ItemGroup>
    <ClCompile Include="Camera.cpp">
      <Filter>Source Files</Filter>
    </ClCompile>
    <ClCompile Include="DirectInput.cpp">
      <Filter>Source Files</Filter>
    </ClCompile>
    <ClCompile Include="GameEngine.cpp">
      <Filter>Source Files</Filter>
    </ClCompile>
    <ClCompile Include="LuaFunctions.cpp">
      <Filter>Source Files</Filter>
    </ClCompile>
    <ClCompile Include="Main.cpp">
      <Filter>Source Files</Filter>
    </ClCompile>
    <ClCompile Include="Misc.cpp">
      <Filter>Source Files</Filter>
    </ClCompile>
    <ClCompile Include="Sky.cpp">
      <Filter>Source Files</Filter>
    </ClCompile>
    <ClCompile Include="SoundSyst.cpp">
      <Filter>Source Files</Filter>
    </ClCompile>
    <ClCompile Include="StaticMesh.cpp">
      <Filter>Source Files</Filter>
    </ClCompile>
    <ClCompile Include="Terrain.cpp">
      <Filter>Source Files</Filter>
    </ClCompile>
    <ClCompile Include="tinystr.cpp">
      <Filter>Source Files\tinyXML</Filter>
    </ClCompile>
    <ClCompile Include="tinyxml.cpp">
      <Filter>Source Files\tinyXML</Filter>
    </ClCompile>
    <ClCompile Include="tinyxmlerror.cpp">
      <Filter>Source Files\tinyXML</Filter>
    </ClCompile>
    <ClCompile Include="tinyxmlparser.cpp">
      <Filter>Source Files\tinyXML</Filter>
    </ClCompile>
    <ClCompile Include="Game.cpp">
      <Filter>Source Files\scenes</Filter>
    </ClCompile>
    <ClCompile Include="Menu.cpp">
      <Filter>Source Files\scenes</Filter>
    </ClCompile>
    <ClCompile Include="MenuInGame.cpp">
      <Filter>Source Files\scenes</Filter>
    </ClCompile>
    <ClCompile Include="Tree.cpp">
      <Filter>Source Files\Dialogues</Filter>
    </ClCompile>
    <ClCompile Include="GameObject.cpp">
      <Filter>Source Files</Filter>
    </ClCompile>
    <ClCompile Include="SkinnedMesh.cpp">
      <Filter>Source Files</Filter>
    </ClCompile>
    <ClCompile Include="DialogueManager.cpp">
      <Filter>Source Files\Dialogues</Filter>
    </ClCompile>
    <ClCompile Include="Button.cpp">
      <Filter>Source Files\GUI</Filter>
    </ClCompile>
    <ClCompile Include="Label.cpp">
      <Filter>Source Files\GUI</Filter>
    </ClCompile>
    <ClCompile Include="Textbox.cpp">
      <Filter>Source Files\GUI</Filter>
    </ClCompile>
    <ClCompile Include="TextManager.cpp">
      <Filter>Source Files</Filter>
    </ClCompile>
    <ClCompile Include="IBaseMenuObject.cpp">
      <Filter>Source Files\GUI</Filter>
    </ClCompile>
    <ClCompile Include="HeroSelection.cpp">
      <Filter>Source Files\scenes</Filter>
    </ClCompile>
  </ItemGroup>
  <ItemGroup>
    <ClInclude Include="Camera.h">
      <Filter>Header Files</Filter>
    </ClInclude>
    <ClInclude Include="DirectInput.h">
      <Filter>Header Files</Filter>
    </ClInclude>
    <ClInclude Include="GameEngine.h">
      <Filter>Header Files</Filter>
    </ClInclude>
    <ClInclude Include="LuaFunctions.h">
      <Filter>Header Files</Filter>
    </ClInclude>
    <ClInclude Include="Misc.h">
      <Filter>Header Files</Filter>
    </ClInclude>
    <ClInclude Include="Sky.h">
      <Filter>Header Files</Filter>
    </ClInclude>
    <ClInclude Include="SoundSyst.h">
      <Filter>Header Files</Filter>
    </ClInclude>
    <ClInclude Include="StaticMesh.h">
      <Filter>Header Files</Filter>
    </ClInclude>
    <ClInclude Include="Terrain.h">
      <Filter>Header Files</Filter>
    </ClInclude>
    <ClInclude Include="tinystr.h">
      <Filter>Header Files\tinyXML</Filter>
    </ClInclude>
    <ClInclude Include="tinyxml.h">
      <Filter>Header Files\tinyXML</Filter>
    </ClInclude>
    <ClInclude Include="Game.h">
      <Filter>Header Files\scenes</Filter>
    </ClInclude>
    <ClInclude Include="Menu.h">
      <Filter>Header Files\scenes</Filter>
    </ClInclude>
    <ClInclude Include="MenuInGame.h">
      <Filter>Header Files\scenes</Filter>
    </ClInclude>
    <ClInclude Include="Tree.h">
      <Filter>Header Files\Dialogues</Filter>
    </ClInclude>
    <ClInclude Include="GameObject.h">
      <Filter>Header Files</Filter>
    </ClInclude>
    <ClInclude Include="SkinnedMesh.h">
      <Filter>Header Files</Filter>
    </ClInclude>
    <ClInclude Include="DialogueManager.h">
      <Filter>Header Files\Dialogues</Filter>
    </ClInclude>
    <ClInclude Include="IBaseMenuObject.h">
      <Filter>Header Files\GUI</Filter>
    </ClInclude>
    <ClInclude Include="Button.h">
      <Filter>Header Files\GUI</Filter>
    </ClInclude>
    <ClInclude Include="Label.h">
      <Filter>Header Files\GUI</Filter>
    </ClInclude>
    <ClInclude Include="Textbox.h">
      <Filter>Header Files\GUI</Filter>
    </ClInclude>
    <ClInclude Include="TextManager.h">
      <Filter>Header Files</Filter>
    </ClInclude>
    <ClInclude Include="IBaseScene.h">
      <Filter>Header Files\scenes</Filter>
    </ClInclude>
    <ClInclude Include="HeroSelection.h">
      <Filter>Header Files\scenes</Filter>
    </ClInclude>
  </ItemGroup>
  <ItemGroup>
    <None Include="dialogues\dialogue2.xml">
      <Filter>Source Files\Dialogues</Filter>
    </None>
    <None Include="fonts\28DaysLater.ttf">
      <Filter>fonts</Filter>
    </None>
    <None Include="shaders\SkinnedMeshShader.fx">
      <Filter>shaders</Filter>
    </None>
    <None Include="shaders\SkyShader.fx">
      <Filter>shaders</Filter>
    </None>
    <None Include="shaders\StaticMeshShader.fx">
      <Filter>shaders</Filter>
    </None>
    <None Include="shaders\TerrainShader.fx">
      <Filter>shaders</Filter>
    </None>
    <None Include="shaders\Text3DShader.fx">
      <Filter>shaders</Filter>
    </None>
    <None Include="scripts\animatedModels.lua">
      <Filter>scripts</Filter>
    </None>
    <None Include="scripts\init.lua">
      <Filter>scripts</Filter>
    </None>
    <None Include="scripts\quests.lua">
      <Filter>scripts</Filter>
    </None>
    <None Include="scripts\sounds.lua">
      <Filter>scripts</Filter>
    </None>
    <None Include="scripts\staticModels.lua">
      <Filter>scripts</Filter>
    </None>
  </ItemGroup>
  <ItemGroup>
    <FxCompile Include="shaders\DebugGraphicsShader.fx">
      <Filter>shaders</Filter>
    </FxCompile>
  </ItemGroup>
</Project>